
Microsoft Visual Studio Solution File, Format Version 12.00
# Visual Studio 15
VisualStudioVersion = 15.0.27703.2047
MinimumVisualStudioVersion = 10.0.40219.1
Project("{FAE04EC0-301F-11D3-BF4B-00C04F79EFBC}") = "HelloWorldApp", "HelloWorldApp\HelloWorldApp.csproj", "{BDE2FB21-B556-440A-9B5B-4455A561A7D3}"
EndProject
Global
	GlobalSection(SolutionConfigurationPlatforms) = preSolution
		Debug|Any CPU = Debug|Any CPU
		Release|Any CPU = Release|Any CPU
	EndGlobalSection
	GlobalSection(ProjectConfigurationPlatforms) = postSolution
		{BDE2FB21-B556-440A-9B5B-4455A561A7D3}.Debug|Any CPU.ActiveCfg = Debug|Any CPU
		{BDE2FB21-B556-440A-9B5B-4455A561A7D3}.Debug|Any CPU.Build.0 = Debug|Any CPU
		{BDE2FB21-B556-440A-9B5B-4455A561A7D3}.Release|Any CPU.ActiveCfg = Release|Any CPU
		{BDE2FB21-B556-440A-9B5B-4455A561A7D3}.Release|Any CPU.Build.0 = Release|Any CPU
	EndGlobalSection
	GlobalSection(SolutionProperties) = preSolution
		HideSolutionNode = FALSE
	EndGlobalSection
	GlobalSection(ExtensibilityGlobals) = postSolution
		SolutionGuid = {F7549A9E-703B-4B4E-B8BE-29902B971C87}
	EndGlobalSection
EndGlobal
